
Microsoft Visual Studio Solution File, Format Version 12.00
# Visual Studio 14
VisualStudioVersion = 14.0.25420.1
MinimumVisualStudioVersion = 10.0.40219.1
Project("{FAE04EC0-301F-11D3-BF4B-00C04F79EFBC}") = "FizzBuzz", "FizzBuzz\FizzBuzz.csproj", "{478BFC68-6AED-46D7-B6F8-0351A94FBF06}"
EndProject
Project("{FAE04EC0-301F-11D3-BF4B-00C04F79EFBC}") = "Bowling", "Bowling\Bowling.csproj", "{7429BFF2-33D1-41CA-B4CC-4B7EA287B65C}"
EndProject
Project("{FAE04EC0-301F-11D3-BF4B-00C04F79EFBC}") = "Palindrome", "Palindrome\Palindrome.csproj", "{F6B9A799-BE3A-4E87-AA8E-34B207BD6678}"
EndProject
Project("{FAE04EC0-301F-11D3-BF4B-00C04F79EFBC}") = "FolderNames", "FolderNames\FolderNames.csproj", "{DEC0463C-AC8C-44D7-98F1-5E4D31E1A99C}"
EndProject
Project("{FAE04EC0-301F-11D3-BF4B-00C04F79EFBC}") = "FolderPath", "FolderPath\FolderPath.csproj", "{A4941250-97D4-4488-803B-ED07840C5425}"
EndProject
Project("{FAE04EC0-301F-11D3-BF4B-00C04F79EFBC}") = "BinarySearchTree", "BinarySearchTree\BinarySearchTree.csproj", "{C0F1D98E-BE0F-4FD4-85DE-E07C08ABA9DD}"
EndProject
Project("{FAE04EC0-301F-11D3-BF4B-00C04F79EFBC}") = "SortedSearch", "SortedSearch\SortedSearch.csproj", "{3FED0145-8794-462B-898C-9672891CFF03}"
EndProject
Project("{FAE04EC0-301F-11D3-BF4B-00C04F79EFBC}") = "TwoSum", "TwoSum\TwoSum.csproj", "{8FF6CFC3-0022-4ED3-8934-831376C71B0C}"
EndProject
Global
	GlobalSection(SolutionConfigurationPlatforms) = preSolution
		Debug|Any CPU = Debug|Any CPU
		Release|Any CPU = Release|Any CPU
	EndGlobalSection
	GlobalSection(ProjectConfigurationPlatforms) = postSolution
		{478BFC68-6AED-46D7-B6F8-0351A94FBF06}.Debug|Any CPU.ActiveCfg = Debug|Any CPU
		{478BFC68-6AED-46D7-B6F8-0351A94FBF06}.Debug|Any CPU.Build.0 = Debug|Any CPU
		{478BFC68-6AED-46D7-B6F8-0351A94FBF06}.Release|Any CPU.ActiveCfg = Release|Any CPU
		{478BFC68-6AED-46D7-B6F8-0351A94FBF06}.Release|Any CPU.Build.0 = Release|Any CPU
		{7429BFF2-33D1-41CA-B4CC-4B7EA287B65C}.Debug|Any CPU.ActiveCfg = Debug|Any CPU
		{7429BFF2-33D1-41CA-B4CC-4B7EA287B65C}.Debug|Any CPU.Build.0 = Debug|Any CPU
		{7429BFF2-33D1-41CA-B4CC-4B7EA287B65C}.Release|Any CPU.ActiveCfg = Release|Any CPU
		{7429BFF2-33D1-41CA-B4CC-4B7EA287B65C}.Release|Any CPU.Build.0 = Release|Any CPU
		{F6B9A799-BE3A-4E87-AA8E-34B207BD6678}.Debug|Any CPU.ActiveCfg = Debug|Any CPU
		{F6B9A799-BE3A-4E87-AA8E-34B207BD6678}.Debug|Any CPU.Build.0 = Debug|Any CPU
		{F6B9A799-BE3A-4E87-AA8E-34B207BD6678}.Release|Any CPU.ActiveCfg = Release|Any CPU
		{F6B9A799-BE3A-4E87-AA8E-34B207BD6678}.Release|Any CPU.Build.0 = Release|Any CPU
		{DEC0463C-AC8C-44D7-98F1-5E4D31E1A99C}.Debug|Any CPU.ActiveCfg = Debug|Any CPU
		{DEC0463C-AC8C-44D7-98F1-5E4D31E1A99C}.Debug|Any CPU.Build.0 = Debug|Any CPU
		{DEC0463C-AC8C-44D7-98F1-5E4D31E1A99C}.Release|Any CPU.ActiveCfg = Release|Any CPU
		{DEC0463C-AC8C-44D7-98F1-5E4D31E1A99C}.Release|Any CPU.Build.0 = Release|Any CPU
		{A4941250-97D4-4488-803B-ED07840C5425}.Debug|Any CPU.ActiveCfg = Debug|Any CPU
		{A4941250-97D4-4488-803B-ED07840C5425}.Debug|Any CPU.Build.0 = Debug|Any CPU
		{A4941250-97D4-4488-803B-ED07840C5425}.Release|Any CPU.ActiveCfg = Release|Any CPU
		{A4941250-97D4-4488-803B-ED07840C5425}.Release|Any CPU.Build.0 = Release|Any CPU
		{C0F1D98E-BE0F-4FD4-85DE-E07C08ABA9DD}.Debug|Any CPU.ActiveCfg = Debug|Any CPU
		{C0F1D98E-BE0F-4FD4-85DE-E07C08ABA9DD}.Debug|Any CPU.Build.0 = Debug|Any CPU
		{C0F1D98E-BE0F-4FD4-85DE-E07C08ABA9DD}.Release|Any CPU.ActiveCfg = Release|Any CPU
		{C0F1D98E-BE0F-4FD4-85DE-E07C08ABA9DD}.Release|Any CPU.Build.0 = Release|Any CPU
		{3FED0145-8794-462B-898C-9672891CFF03}.Debug|Any CPU.ActiveCfg = Debug|Any CPU
		{3FED0145-8794-462B-898C-9672891CFF03}.Debug|Any CPU.Build.0 = Debug|Any CPU
		{3FED0145-8794-462B-898C-9672891CFF03}.Release|Any CPU.ActiveCfg = Release|Any CPU
		{3FED0145-8794-462B-898C-9672891CFF03}.Release|Any CPU.Build.0 = Release|Any CPU
		{8FF6CFC3-0022-4ED3-8934-831376C71B0C}.Debug|Any CPU.ActiveCfg = Debug|Any CPU
		{8FF6CFC3-0022-4ED3-8934-831376C71B0C}.Debug|Any CPU.Build.0 = Debug|Any CPU
		{8FF6CFC3-0022-4ED3-8934-831376C71B0C}.Release|Any CPU.ActiveCfg = Release|Any CPU
		{8FF6CFC3-0022-4ED3-8934-831376C71B0C}.Release|Any CPU.Build.0 = Release|Any CPU
	EndGlobalSection
	GlobalSection(SolutionProperties) = preSolution
		HideSolutionNode = FALSE
	EndGlobalSection
EndGlobal
